
Microsoft Visual Studio Solution File, Format Version 11.00
# Visual Studio 2010
Project("{FAE04EC0-301F-11D3-BF4B-00C04F79EFBC}") = "Pomodorino", "Pomodorino\Pomodorino.csproj", "{06EFD37F-10EC-4809-A1C2-059F872217A1}"
EndProject
Project("{54435603-DBB4-11D2-8724-00A0C9A8B90C}") = "Pomodorino.Setup", "Pomodorino.Setup\Pomodorino.Setup.vdproj", "{8E073239-414D-47DD-9B2B-2E98B0F80D55}"
EndProject
Global
	GlobalSection(SolutionConfigurationPlatforms) = preSolution
		Debug|x86 = Debug|x86
		Release|x86 = Release|x86
	EndGlobalSection
	GlobalSection(ProjectConfigurationPlatforms) = postSolution
		{06EFD37F-10EC-4809-A1C2-059F872217A1}.Debug|x86.ActiveCfg = Debug|x86
		{06EFD37F-10EC-4809-A1C2-059F872217A1}.Debug|x86.Build.0 = Debug|x86
		{06EFD37F-10EC-4809-A1C2-059F872217A1}.Release|x86.ActiveCfg = Release|x86
		{06EFD37F-10EC-4809-A1C2-059F872217A1}.Release|x86.Build.0 = Release|x86
		{8E073239-414D-47DD-9B2B-2E98B0F80D55}.Debug|x86.ActiveCfg = Debug
		{8E073239-414D-47DD-9B2B-2E98B0F80D55}.Debug|x86.Build.0 = Debug
		{8E073239-414D-47DD-9B2B-2E98B0F80D55}.Release|x86.ActiveCfg = Release
	EndGlobalSection
	GlobalSection(SolutionProperties) = preSolution
		HideSolutionNode = FALSE
	EndGlobalSection
EndGlobal
